PODS:
  - IBMMobileFirstPlatformFoundation (8.0.2020032408)
  - IBMMobileFirstPlatformFoundationJSONStore (8.0.2020021915):
    - IBMMobileFirstPlatformFoundation (~> 8.0)
    - IBMMobileFirstPlatformFoundationOpenSSLUtils (~> 8.0)
  - IBMMobileFirstPlatformFoundationOpenSSLUtils (8.0.2020032408)

DEPENDENCIES:
  - IBMMobileFirstPlatformFoundationJSONStore

SPEC REPOS:
  trunk:
    - IBMMobileFirstPlatformFoundation
    - IBMMobileFirstPlatformFoundationJSONStore
    - IBMMobileFirstPlatformFoundationOpenSSLUtils

SPEC CHECKSUMS:
  IBMMobileFirstPlatformFoundation: 7b47eb132e3b3c1aaca27f1cef11090347c01798
  IBMMobileFirstPlatformFoundationJSONStore: 9b232a6438c3e6112f031b67675bc1d3c9dc54ca
  IBMMobileFirstPlatformFoundationOpenSSLUtils: 24a4984a0b89a770bf3c92365def165c189c3f03

PODFILE CHECKSUM: a407861685e2ceb5ac1067dfd3c50b396aac6f7f

COCOAPODS: 1.9.1
