PODS:
  - IBMMobileFirstPlatformFoundation (8.0.2018111416)
  - IBMMobileFirstPlatformFoundationJSONStore (8.0.2018071512):
    - IBMMobileFirstPlatformFoundation (~> 8.0)
    - IBMMobileFirstPlatformFoundationOpenSSLUtils (~> 8.0)
  - IBMMobileFirstPlatformFoundationOpenSSLUtils (8.0.2018111416)

DEPENDENCIES:
  - IBMMobileFirstPlatformFoundationJSONStore (~> 8.0.0)

SPEC REPOS:
  https://github.com/cocoapods/specs.git:
    - IBMMobileFirstPlatformFoundation
    - IBMMobileFirstPlatformFoundationJSONStore
    - IBMMobileFirstPlatformFoundationOpenSSLUtils

SPEC CHECKSUMS:
  IBMMobileFirstPlatformFoundation: 374872f2bede564f1b755e2ad34c71ef3406af9a
  IBMMobileFirstPlatformFoundationJSONStore: 240ff5ad2fb744b50151702d40bc27b10d6f321d
  IBMMobileFirstPlatformFoundationOpenSSLUtils: d38275ead78ee04b5d3e2a0a1ff6763357755fc6

PODFILE CHECKSUM: 4b4b8600213093c7c31ccff1a56bcdb6e2d450d6

COCOAPODS: 1.5.2
