// !$*UTF8*$!
{
	archiveVersion = 1;
	classes = {
	};
	objectVersion = 46;
	objects = {

/* Begin PBXBuildFile section */
		4463067A4FB400F89E6C7D6E /* Pods_JSONStoreSwiftUITests.framework in Frameworks */ = {isa = PBXBuildFile; fileRef = 4E8D38ED9EF4C36DD759CFEB /* Pods_JSONStoreSwiftUITests.framework */; };
		AEFBBC1E6E39CAF6B0746BA8 /* Pods_JSONStoreSwiftTests.framework in Frameworks */ = {isa = PBXBuildFile; fileRef = 236C221AF827B3223DE0BF3A /* Pods_JSONStoreSwiftTests.framework */; };
		CE0BE30A1C6160BE00B04F21 /* AppDelegate.swift in Sources */ = {isa = PBXBuildFile; fileRef = CE0BE3091C6160BE00B04F21 /* AppDelegate.swift */; };
		CE0BE30C1C6160BE00B04F21 /* ViewController.swift in Sources */ = {isa = PBXBuildFile; fileRef = CE0BE30B1C6160BE00B04F21 /* ViewController.swift */; };
		CE0BE30F1C6160BE00B04F21 /* Main.storyboard in Resources */ = {isa = PBXBuildFile; fileRef = CE0BE30D1C6160BE00B04F21 /* Main.storyboard */; };
		CE0BE3111C6160BE00B04F21 /* Assets.xcassets in Resources */ = {isa = PBXBuildFile; fileRef = CE0BE3101C6160BE00B04F21 /* Assets.xcassets */; };
		CE0BE3141C6160BE00B04F21 /* LaunchScreen.storyboard in Resources */ = {isa = PBXBuildFile; fileRef = CE0BE3121C6160BE00B04F21 /* LaunchScreen.storyboard */; };
		CE6744681C73AB1B00A95722 /* mfpclient.plist in Resources */ = {isa = PBXBuildFile; fileRef = CE6744671C73AB1B00A95722 /* mfpclient.plist */; };
		CE67446B1C73E3C900A95722 /* iPad.storyboard in Resources */ = {isa = PBXBuildFile; fileRef = CE6744691C73E3C900A95722 /* iPad.storyboard */; };
		CEAB00C61C7128DF001647AA /* StringResource.swift in Sources */ = {isa = PBXBuildFile; fileRef = CEAB00C51C7128DF001647AA /* StringResource.swift */; };
		EA39FA94CB240FD147720D49 /* Pods_JSONStoreSwift.framework in Frameworks */ = {isa = PBXBuildFile; fileRef = A30F8B2C1EF6C98264C7DFAB /* Pods_JSONStoreSwift.framework */; };
/* End PBXBuildFile section */

/* Begin PBXContainerItemProxy section */
		CE0BE31B1C6160BE00B04F21 /* PBXContainerItemProxy */ = {
			isa = PBXContainerItemProxy;
			containerPortal = CE0BE2FE1C6160BE00B04F21 /* Project object */;
			proxyType = 1;
			remoteGlobalIDString = CE0BE3051C6160BE00B04F21;
			remoteInfo = JSONStoreSwift;
		};
		CE0BE3261C6160BE00B04F21 /* PBXContainerItemProxy */ = {
			isa = PBXContainerItemProxy;
			containerPortal = CE0BE2FE1C6160BE00B04F21 /* Project object */;
			proxyType = 1;
			remoteGlobalIDString = CE0BE3051C6160BE00B04F21;
			remoteInfo = JSONStoreSwift;
		};
/* End PBXContainerItemProxy section */

/* Begin PBXFileReference section */
		15C26250308683B514DFCE49 /* Pods-JSONStoreSwift.release.xcconfig */ = {isa = PBXFileReference; includeInIndex = 1; lastKnownFileType = text.xcconfig; name = "Pods-JSONStoreSwift.release.xcconfig"; path = "Pods/Target Support Files/Pods-JSONStoreSwift/Pods-JSONStoreSwift.release.xcconfig"; sourceTree = "<group>"; };
		236C221AF827B3223DE0BF3A /* Pods_JSONStoreSwiftTests.framework */ = {isa = PBXFileReference; explicitFileType = wrapper.framework; includeInIndex = 0; path = Pods_JSONStoreSwiftTests.framework; sourceTree = BUILT_PRODUCTS_DIR; };
		4E8D38ED9EF4C36DD759CFEB /* Pods_JSONStoreSwiftUITests.framework */ = {isa = PBXFileReference; explicitFileType = wrapper.framework; includeInIndex = 0; path = Pods_JSONStoreSwiftUITests.framework; sourceTree = BUILT_PRODUCTS_DIR; };
		629DD2C14BE35953B2E4826E /* Pods-JSONStoreSwiftUITests.debug.xcconfig */ = {isa = PBXFileReference; includeInIndex = 1; lastKnownFileType = text.xcconfig; name = "Pods-JSONStoreSwiftUITests.debug.xcconfig"; path = "Pods/Target Support Files/Pods-JSONStoreSwiftUITests/Pods-JSONStoreSwiftUITests.debug.xcconfig"; sourceTree = "<group>"; };
		71F9E0465C1DB13791F3B0B2 /* Pods-JSONStoreSwiftTests.release.xcconfig */ = {isa = PBXFileReference; includeInIndex = 1; lastKnownFileType = text.xcconfig; name = "Pods-JSONStoreSwiftTests.release.xcconfig"; path = "Pods/Target Support Files/Pods-JSONStoreSwiftTests/Pods-JSONStoreSwiftTests.release.xcconfig"; sourceTree = "<group>"; };
		80F23B17A2FAA20DBDAB50B5 /* Pods-JSONStoreSwiftTests.debug.xcconfig */ = {isa = PBXFileReference; includeInIndex = 1; lastKnownFileType = text.xcconfig; name = "Pods-JSONStoreSwiftTests.debug.xcconfig"; path = "Pods/Target Support Files/Pods-JSONStoreSwiftTests/Pods-JSONStoreSwiftTests.debug.xcconfig"; sourceTree = "<group>"; };
		92C00E0D21B13FC1003E8B6C /* JSONStoreSwift.entitlements */ = {isa = PBXFileReference; lastKnownFileType = text.plist.entitlements; path = JSONStoreSwift.entitlements; sourceTree = "<group>"; };
		A30F8B2C1EF6C98264C7DFAB /* Pods_JSONStoreSwift.framework */ = {isa = PBXFileReference; explicitFileType = wrapper.framework; includeInIndex = 0; path = Pods_JSONStoreSwift.framework; sourceTree = BUILT_PRODUCTS_DIR; };
		CE0BE3061C6160BE00B04F21 /* JSONStoreSwift.app */ = {isa = PBXFileReference; explicitFileType = wrapper.application; includeInIndex = 0; path = JSONStoreSwift.app; sourceTree = BUILT_PRODUCTS_DIR; };
		CE0BE3091C6160BE00B04F21 /* AppDelegate.swift */ = {isa = PBXFileReference; lastKnownFileType = sourcecode.swift; path = AppDelegate.swift; sourceTree = "<group>"; };
		CE0BE30B1C6160BE00B04F21 /* ViewController.swift */ = {isa = PBXFileReference; lastKnownFileType = sourcecode.swift; path = ViewController.swift; sourceTree = "<group>"; };
		CE0BE30E1C6160BE00B04F21 /* Base */ = {isa = PBXFileReference; lastKnownFileType = file.storyboard; name = Base; path = Base.lproj/Main.storyboard; sourceTree = "<group>"; };
		CE0BE3101C6160BE00B04F21 /* Assets.xcassets */ = {isa = PBXFileReference; lastKnownFileType = folder.assetcatalog; path = Assets.xcassets; sourceTree = "<group>"; };
		CE0BE3131C6160BE00B04F21 /* Base */ = {isa = PBXFileReference; lastKnownFileType = file.storyboard; name = Base; path = Base.lproj/LaunchScreen.storyboard; sourceTree = "<group>"; };
		CE0BE3151C6160BE00B04F21 /* Info.plist */ = {isa = PBXFileReference; lastKnownFileType = text.plist.xml; path = Info.plist; sourceTree = "<group>"; };
		CE0BE31A1C6160BE00B04F21 /* JSONStoreSwift.xctest */ = {isa = PBXFileReference; explicitFileType = wrapper.cfbundle; includeInIndex = 0; path = JSONStoreSwift.xctest; sourceTree = BUILT_PRODUCTS_DIR; };
		CE0BE3251C6160BE00B04F21 /* JSONStoreSwift.xctest */ = {isa = PBXFileReference; explicitFileType = wrapper.cfbundle; includeInIndex = 0; path = JSONStoreSwift.xctest; sourceTree = BUILT_PRODUCTS_DIR; };
		CE6744671C73AB1B00A95722 /* mfpclient.plist */ = {isa = PBXFileReference; fileEncoding = 4; lastKnownFileType = text.plist.xml; path = mfpclient.plist; sourceTree = "<group>"; };
		CE67446A1C73E3C900A95722 /* Base */ = {isa = PBXFileReference; lastKnownFileType = file.storyboard; name = Base; path = Base.lproj/iPad.storyboard; sourceTree = "<group>"; };
		CEAB00C51C7128DF001647AA /* StringResource.swift */ = {isa = PBXFileReference; fileEncoding = 4; lastKnownFileType = sourcecode.swift; path = StringResource.swift; sourceTree = "<group>"; };
		E2AACF4169D0B04D4F1754A8 /* Pods-JSONStoreSwiftUITests.release.xcconfig */ = {isa = PBXFileReference; includeInIndex = 1; lastKnownFileType = text.xcconfig; name = "Pods-JSONStoreSwiftUITests.release.xcconfig"; path = "Pods/Target Support Files/Pods-JSONStoreSwiftUITests/Pods-JSONStoreSwiftUITests.release.xcconfig"; sourceTree = "<group>"; };
		E62002AB742A33EB1DD9F046 /* Pods-JSONStoreSwift.debug.xcconfig */ = {isa = PBXFileReference; includeInIndex = 1; lastKnownFileType = text.xcconfig; name = "Pods-JSONStoreSwift.debug.xcconfig"; path = "Pods/Target Support Files/Pods-JSONStoreSwift/Pods-JSONStoreSwift.debug.xcconfig"; sourceTree = "<group>"; };
/* End PBXFileReference section */

/* Begin PBXFrameworksBuildPhase section */
		CE0BE3031C6160BE00B04F21 /* Frameworks */ = {
			isa = PBXFrameworksBuildPhase;
			buildActionMask = 2147483647;
			files = (
				EA39FA94CB240FD147720D49 /* Pods_JSONStoreSwift.framework in Frameworks */,
			);
			runOnlyForDeploymentPostprocessing = 0;
		};
		CE0BE3171C6160BE00B04F21 /* Frameworks */ = {
			isa = PBXFrameworksBuildPhase;
			buildActionMask = 2147483647;
			files = (
				AEFBBC1E6E39CAF6B0746BA8 /* Pods_JSONStoreSwiftTests.framework in Frameworks */,
			);
			runOnlyForDeploymentPostprocessing = 0;
		};
		CE0BE3221C6160BE00B04F21 /* Frameworks */ = {
			isa = PBXFrameworksBuildPhase;
			buildActionMask = 2147483647;
			files = (
				4463067A4FB400F89E6C7D6E /* Pods_JSONStoreSwiftUITests.framework in Frameworks */,
			);
			runOnlyForDeploymentPostprocessing = 0;
		};
/* End PBXFrameworksBuildPhase section */

/* Begin PBXGroup section */
		3AF431CB59A888A671A041CC /* Pods */ = {
			isa = PBXGroup;
			children = (
				E62002AB742A33EB1DD9F046 /* Pods-JSONStoreSwift.debug.xcconfig */,
				15C26250308683B514DFCE49 /* Pods-JSONStoreSwift.release.xcconfig */,
				80F23B17A2FAA20DBDAB50B5 /* Pods-JSONStoreSwiftTests.debug.xcconfig */,
				71F9E0465C1DB13791F3B0B2 /* Pods-JSONStoreSwiftTests.release.xcconfig */,
				629DD2C14BE35953B2E4826E /* Pods-JSONStoreSwiftUITests.debug.xcconfig */,
				E2AACF4169D0B04D4F1754A8 /* Pods-JSONStoreSwiftUITests.release.xcconfig */,
			);
			name = Pods;
			sourceTree = "<group>";
		};
		CE0BE2FD1C6160BE00B04F21 = {
			isa = PBXGroup;
			children = (
				CE0BE3081C6160BE00B04F21 /* JSONStoreSwift */,
				CE0BE3071C6160BE00B04F21 /* Products */,
				3AF431CB59A888A671A041CC /* Pods */,
				F9DB893C1CADF8ACF85193AD /* Frameworks */,
			);
			sourceTree = "<group>";
		};
		CE0BE3071C6160BE00B04F21 /* Products */ = {
			isa = PBXGroup;
			children = (
				CE0BE3061C6160BE00B04F21 /* JSONStoreSwift.app */,
				CE0BE31A1C6160BE00B04F21 /* JSONStoreSwift.xctest */,
				CE0BE3251C6160BE00B04F21 /* JSONStoreSwift.xctest */,
			);
			name = Products;
			sourceTree = "<group>";
		};
		CE0BE3081C6160BE00B04F21 /* JSONStoreSwift */ = {
			isa = PBXGroup;
			children = (
				92C00E0D21B13FC1003E8B6C /* JSONStoreSwift.entitlements */,
				CE6744671C73AB1B00A95722 /* mfpclient.plist */,
				CE0BE3091C6160BE00B04F21 /* AppDelegate.swift */,
				CE0BE30B1C6160BE00B04F21 /* ViewController.swift */,
				CEAB00C51C7128DF001647AA /* StringResource.swift */,
				CE0BE30D1C6160BE00B04F21 /* Main.storyboard */,
				CE6744691C73E3C900A95722 /* iPad.storyboard */,
				CE0BE3101C6160BE00B04F21 /* Assets.xcassets */,
				CE0BE3121C6160BE00B04F21 /* LaunchScreen.storyboard */,
				CE0BE3151C6160BE00B04F21 /* Info.plist */,
			);
			path = JSONStoreSwift;
			sourceTree = "<group>";
		};
		F9DB893C1CADF8ACF85193AD /* Frameworks */ = {
			isa = PBXGroup;
			children = (
				A30F8B2C1EF6C98264C7DFAB /* Pods_JSONStoreSwift.framework */,
				236C221AF827B3223DE0BF3A /* Pods_JSONStoreSwiftTests.framework */,
				4E8D38ED9EF4C36DD759CFEB /* Pods_JSONStoreSwiftUITests.framework */,
			);
			name = Frameworks;
			sourceTree = "<group>";
		};
/* End PBXGroup section */

/* Begin PBXNativeTarget section */
		CE0BE3051C6160BE00B04F21 /* JSONStoreSwift */ = {
			isa = PBXNativeTarget;
			buildConfigurationList = CE0BE32E1C6160BE00B04F21 /* Build configuration list for PBXNativeTarget "JSONStoreSwift" */;
			buildPhases = (
				1CC49D9A7855C258DA088411 /* [CP] Check Pods Manifest.lock */,
				CE0BE3021C6160BE00B04F21 /* Sources */,
				CE0BE3031C6160BE00B04F21 /* Frameworks */,
				CE0BE3041C6160BE00B04F21 /* Resources */,
				1BC83333E31DD72B147E8183 /* [CP] Embed Pods Frameworks */,
				5A2A275A73D5234064D62C19 /* [CP] Copy Pods Resources */,
			);
			buildRules = (
			);
			dependencies = (
			);
			name = JSONStoreSwift;
			productName = JSONStoreSwift;
			productReference = CE0BE3061C6160BE00B04F21 /* JSONStoreSwift.app */;
			productType = "com.apple.product-type.application";
		};
		CE0BE3191C6160BE00B04F21 /* JSONStoreSwiftTests */ = {
			isa = PBXNativeTarget;
			buildConfigurationList = CE0BE3311C6160BE00B04F21 /* Build configuration list for PBXNativeTarget "JSONStoreSwiftTests" */;
			buildPhases = (
				D080BB1ABF4A604BAEECDC88 /* [CP] Check Pods Manifest.lock */,
				CE0BE3161C6160BE00B04F21 /* Sources */,
				CE0BE3171C6160BE00B04F21 /* Frameworks */,
				CE0BE3181C6160BE00B04F21 /* Resources */,
			);
			buildRules = (
			);
			dependencies = (
				CE0BE31C1C6160BE00B04F21 /* PBXTargetDependency */,
			);
			name = JSONStoreSwiftTests;
			productName = JSONStoreSwiftTests;
			productReference = CE0BE31A1C6160BE00B04F21 /* JSONStoreSwift.xctest */;
			productType = "com.apple.product-type.bundle.unit-test";
		};
		CE0BE3241C6160BE00B04F21 /* JSONStoreSwiftUITests */ = {
			isa = PBXNativeTarget;
			buildConfigurationList = CE0BE3341C6160BE00B04F21 /* Build configuration list for PBXNativeTarget "JSONStoreSwiftUITests" */;
			buildPhases = (
				A9DC97DC439D5D41F43E869C /* [CP] Check Pods Manifest.lock */,
				CE0BE3211C6160BE00B04F21 /* Sources */,
				CE0BE3221C6160BE00B04F21 /* Frameworks */,
				CE0BE3231C6160BE00B04F21 /* Resources */,
			);
			buildRules = (
			);
			dependencies = (
				CE0BE3271C6160BE00B04F21 /* PBXTargetDependency */,
			);
			name = JSONStoreSwiftUITests;
			productName = JSONStoreSwiftUITests;
			productReference = CE0BE3251C6160BE00B04F21 /* JSONStoreSwift.xctest */;
			productType = "com.apple.product-type.bundle.ui-testing";
		};
/* End PBXNativeTarget section */

/* Begin PBXProject section */
		CE0BE2FE1C6160BE00B04F21 /* Project object */ = {
			isa = PBXProject;
			attributes = {
				LastSwiftUpdateCheck = 0720;
				LastUpgradeCheck = 0720;
				ORGANIZATIONNAME = IBM;
				TargetAttributes = {
					CE0BE3051C6160BE00B04F21 = {
						CreatedOnToolsVersion = 7.2;
						LastSwiftMigration = 0930;
						ProvisioningStyle = Manual;
						SystemCapabilities = {
							com.apple.Keychain = {
								enabled = 1;
							};
						};
					};
					CE0BE3191C6160BE00B04F21 = {
						CreatedOnToolsVersion = 7.2;
						LastSwiftMigration = 0930;
						TestTargetID = CE0BE3051C6160BE00B04F21;
					};
					CE0BE3241C6160BE00B04F21 = {
						CreatedOnToolsVersion = 7.2;
						LastSwiftMigration = 0930;
						TestTargetID = CE0BE3051C6160BE00B04F21;
					};
				};
			};
			buildConfigurationList = CE0BE3011C6160BE00B04F21 /* Build configuration list for PBXProject "JSONStoreSwift" */;
			compatibilityVersion = "Xcode 3.2";
			developmentRegion = English;
			hasScannedForEncodings = 0;
			knownRegions = (
				en,
				Base,
			);
			mainGroup = CE0BE2FD1C6160BE00B04F21;
			productRefGroup = CE0BE3071C6160BE00B04F21 /* Products */;
			projectDirPath = "";
			projectRoot = "";
			targets = (
				CE0BE3051C6160BE00B04F21 /* JSONStoreSwift */,
				CE0BE3191C6160BE00B04F21 /* JSONStoreSwiftTests */,
				CE0BE3241C6160BE00B04F21 /* JSONStoreSwiftUITests */,
			);
		};
/* End PBXProject section */

/* Begin PBXResourcesBuildPhase section */
		CE0BE3041C6160BE00B04F21 /* Resources */ = {
			isa = PBXResourcesBuildPhase;
			buildActionMask = 2147483647;
			files = (
				CE0BE3141C6160BE00B04F21 /* LaunchScreen.storyboard in Resources */,
				CE0BE3111C6160BE00B04F21 /* Assets.xcassets in Resources */,
				CE0BE30F1C6160BE00B04F21 /* Main.storyboard in Resources */,
				CE6744681C73AB1B00A95722 /* mfpclient.plist in Resources */,
				CE67446B1C73E3C900A95722 /* iPad.storyboard in Resources */,
			);
			runOnlyForDeploymentPostprocessing = 0;
		};
		CE0BE3181C6160BE00B04F21 /* Resources */ = {
			isa = PBXResourcesBuildPhase;
			buildActionMask = 2147483647;
			files = (
			);
			runOnlyForDeploymentPostprocessing = 0;
		};
		CE0BE3231C6160BE00B04F21 /* Resources */ = {
			isa = PBXResourcesBuildPhase;
			buildActionMask = 2147483647;
			files = (
			);
			runOnlyForDeploymentPostprocessing = 0;
		};
/* End PBXResourcesBuildPhase section */

/* Begin PBXShellScriptBuildPhase section */
		1BC83333E31DD72B147E8183 /* [CP] Embed Pods Frameworks */ = {
			isa = PBXShellScriptBuildPhase;
			buildActionMask = 2147483647;
			files = (
			);
			inputPaths = (
				"${SRCROOT}/Pods/Target Support Files/Pods-JSONStoreSwift/Pods-JSONStoreSwift-frameworks.sh",
				"${PODS_ROOT}/IBMMobileFirstPlatformFoundation/IBMMobileFirstPlatformFoundation/Frameworks/IBMMobileFirstPlatformFoundation.framework",
				"${PODS_ROOT}/IBMMobileFirstPlatformFoundationOpenSSLUtils/IBMMobileFirstPlatformFoundation/Frameworks/IBMMobileFirstPlatformFoundationOpenSSLUtils.framework",
			);
			name = "[CP] Embed Pods Frameworks";
			outputPaths = (
				"${TARGET_BUILD_DIR}/${FRAMEWORKS_FOLDER_PATH}/IBMMobileFirstPlatformFoundation.framework",
				"${TARGET_BUILD_DIR}/${FRAMEWORKS_FOLDER_PATH}/IBMMobileFirstPlatformFoundationOpenSSLUtils.framework",
			);
			runOnlyForDeploymentPostprocessing = 0;
			shellPath = /bin/sh;
			shellScript = "\"${SRCROOT}/Pods/Target Support Files/Pods-JSONStoreSwift/Pods-JSONStoreSwift-frameworks.sh\"\n";
			showEnvVarsInLog = 0;
		};
		1CC49D9A7855C258DA088411 /* [CP] Check Pods Manifest.lock */ = {
			isa = PBXShellScriptBuildPhase;
			buildActionMask = 2147483647;
			files = (
			);
			inputPaths = (
				"${PODS_PODFILE_DIR_PATH}/Podfile.lock",
				"${PODS_ROOT}/Manifest.lock",
			);
			name = "[CP] Check Pods Manifest.lock";
			outputPaths = (
				"$(DERIVED_FILE_DIR)/Pods-JSONStoreSwift-checkManifestLockResult.txt",
			);
			runOnlyForDeploymentPostprocessing = 0;
			shellPath = /bin/sh;
			shellScript = "diff \"${PODS_PODFILE_DIR_PATH}/Podfile.lock\" \"${PODS_ROOT}/Manifest.lock\" > /dev/null\nif [ $? != 0 ] ; then\n    # print error to STDERR\n    echo \"error: The sandbox is not in sync with the Podfile.lock. Run 'pod install' or update your CocoaPods installation.\" >&2\n    exit 1\nfi\n# This output is used by Xcode 'outputs' to avoid re-running this script phase.\necho \"SUCCESS\" > \"${SCRIPT_OUTPUT_FILE_0}\"\n";
			showEnvVarsInLog = 0;
		};
		5A2A275A73D5234064D62C19 /* [CP] Copy Pods Resources */ = {
			isa = PBXShellScriptBuildPhase;
			buildActionMask = 2147483647;
			files = (
			);
			inputPaths = (
				"${SRCROOT}/Pods/Target Support Files/Pods-JSONStoreSwift/Pods-JSONStoreSwift-resources.sh",
				"${PODS_ROOT}/IBMMobileFirstPlatformFoundation/IBMMobileFirstPlatformFoundation/Resources/Localizations.bundle",
			);
			name = "[CP] Copy Pods Resources";
			outputPaths = (
				"${TARGET_BUILD_DIR}/${UNLOCALIZED_RESOURCES_FOLDER_PATH}/Localizations.bundle",
			);
			runOnlyForDeploymentPostprocessing = 0;
			shellPath = /bin/sh;
			shellScript = "\"${SRCROOT}/Pods/Target Support Files/Pods-JSONStoreSwift/Pods-JSONStoreSwift-resources.sh\"\n";
			showEnvVarsInLog = 0;
		};
		A9DC97DC439D5D41F43E869C /* [CP] Check Pods Manifest.lock */ = {
			isa = PBXShellScriptBuildPhase;
			buildActionMask = 2147483647;
			files = (
			);
			inputPaths = (
				"${PODS_PODFILE_DIR_PATH}/Podfile.lock",
				"${PODS_ROOT}/Manifest.lock",
			);
			name = "[CP] Check Pods Manifest.lock";
			outputPaths = (
				"$(DERIVED_FILE_DIR)/Pods-JSONStoreSwiftUITests-checkManifestLockResult.txt",
			);
			runOnlyForDeploymentPostprocessing = 0;
			shellPath = /bin/sh;
			shellScript = "diff \"${PODS_PODFILE_DIR_PATH}/Podfile.lock\" \"${PODS_ROOT}/Manifest.lock\" > /dev/null\nif [ $? != 0 ] ; then\n    # print error to STDERR\n    echo \"error: The sandbox is not in sync with the Podfile.lock. Run 'pod install' or update your CocoaPods installation.\" >&2\n    exit 1\nfi\n# This output is used by Xcode 'outputs' to avoid re-running this script phase.\necho \"SUCCESS\" > \"${SCRIPT_OUTPUT_FILE_0}\"\n";
			showEnvVarsInLog = 0;
		};
		D080BB1ABF4A604BAEECDC88 /* [CP] Check Pods Manifest.lock */ = {
			isa = PBXShellScriptBuildPhase;
			buildActionMask = 2147483647;
			files = (
			);
			inputPaths = (
				"${PODS_PODFILE_DIR_PATH}/Podfile.lock",
				"${PODS_ROOT}/Manifest.lock",
			);
			name = "[CP] Check Pods Manifest.lock";
			outputPaths = (
				"$(DERIVED_FILE_DIR)/Pods-JSONStoreSwiftTests-checkManifestLockResult.txt",
			);
			runOnlyForDeploymentPostprocessing = 0;
			shellPath = /bin/sh;
			shellScript = "diff \"${PODS_PODFILE_DIR_PATH}/Podfile.lock\" \"${PODS_ROOT}/Manifest.lock\" > /dev/null\nif [ $? != 0 ] ; then\n    # print error to STDERR\n    echo \"error: The sandbox is not in sync with the Podfile.lock. Run 'pod install' or update your CocoaPods installation.\" >&2\n    exit 1\nfi\n# This output is used by Xcode 'outputs' to avoid re-running this script phase.\necho \"SUCCESS\" > \"${SCRIPT_OUTPUT_FILE_0}\"\n";
			showEnvVarsInLog = 0;
		};
/* End PBXShellScriptBuildPhase section */

/* Begin PBXSourcesBuildPhase section */
		CE0BE3021C6160BE00B04F21 /* Sources */ = {
			isa = PBXSourcesBuildPhase;
			buildActionMask = 2147483647;
			files = (
				CE0BE30C1C6160BE00B04F21 /* ViewController.swift in Sources */,
				CEAB00C61C7128DF001647AA /* StringResource.swift in Sources */,
				CE0BE30A1C6160BE00B04F21 /* AppDelegate.swift in Sources */,
			);
			runOnlyForDeploymentPostprocessing = 0;
		};
		CE0BE3161C6160BE00B04F21 /* Sources */ = {
			isa = PBXSourcesBuildPhase;
			buildActionMask = 2147483647;
			files = (
			);
			runOnlyForDeploymentPostprocessing = 0;
		};
		CE0BE3211C6160BE00B04F21 /* Sources */ = {
			isa = PBXSourcesBuildPhase;
			buildActionMask = 2147483647;
			files = (
			);
			runOnlyForDeploymentPostprocessing = 0;
		};
/* End PBXSourcesBuildPhase section */

/* Begin PBXTargetDependency section */
		CE0BE31C1C6160BE00B04F21 /* PBXTargetDependency */ = {
			isa = PBXTargetDependency;
			target = CE0BE3051C6160BE00B04F21 /* JSONStoreSwift */;
			targetProxy = CE0BE31B1C6160BE00B04F21 /* PBXContainerItemProxy */;
		};
		CE0BE3271C6160BE00B04F21 /* PBXTargetDependency */ = {
			isa = PBXTargetDependency;
			target = CE0BE3051C6160BE00B04F21 /* JSONStoreSwift */;
			targetProxy = CE0BE3261C6160BE00B04F21 /* PBXContainerItemProxy */;
		};
/* End PBXTargetDependency section */

/* Begin PBXVariantGroup section */
		CE0BE30D1C6160BE00B04F21 /* Main.storyboard */ = {
			isa = PBXVariantGroup;
			children = (
				CE0BE30E1C6160BE00B04F21 /* Base */,
			);
			name = Main.storyboard;
			sourceTree = "<group>";
		};
		CE0BE3121C6160BE00B04F21 /* LaunchScreen.storyboard */ = {
			isa = PBXVariantGroup;
			children = (
				CE0BE3131C6160BE00B04F21 /* Base */,
			);
			name = LaunchScreen.storyboard;
			sourceTree = "<group>";
		};
		CE6744691C73E3C900A95722 /* iPad.storyboard */ = {
			isa = PBXVariantGroup;
			children = (
				CE67446A1C73E3C900A95722 /* Base */,
			);
			name = iPad.storyboard;
			sourceTree = "<group>";
		};
/* End PBXVariantGroup section */

/* Begin XCBuildConfiguration section */
		CE0BE32C1C6160BE00B04F21 /* Debug */ = {
			isa = XCBuildConfiguration;
			buildSettings = {
				ALWAYS_SEARCH_USER_PATHS = NO;
				CLANG_CXX_LANGUAGE_STANDARD = "gnu++0x";
				CLANG_CXX_LIBRARY = "libc++";
				CLANG_ENABLE_MODULES = YES;
				CLANG_ENABLE_OBJC_ARC = YES;
				CLANG_WARN_BOOL_CONVERSION = YES;
				CLANG_WARN_CONSTANT_CONVERSION = YES;
				CLANG_WARN_DIRECT_OBJC_ISA_USAGE = YES_ERROR;
				CLANG_WARN_EMPTY_BODY = YES;
				CLANG_WARN_ENUM_CONVERSION = YES;
				CLANG_WARN_INT_CONVERSION = YES;
				CLANG_WARN_OBJC_ROOT_CLASS = YES_ERROR;
				CLANG_WARN_UNREACHABLE_CODE = YES;
				CLANG_WARN__DUPLICATE_METHOD_MATCH = YES;
				"CODE_SIGN_IDENTITY[sdk=iphoneos*]" = "iPhone Developer";
				COPY_PHASE_STRIP = NO;
				DEBUG_INFORMATION_FORMAT = dwarf;
				ENABLE_STRICT_OBJC_MSGSEND = YES;
				ENABLE_TESTABILITY = YES;
				GCC_C_LANGUAGE_STANDARD = gnu99;
				GCC_DYNAMIC_NO_PIC = NO;
				GCC_NO_COMMON_BLOCKS = YES;
				GCC_OPTIMIZATION_LEVEL = 0;
				GCC_PREPROCESSOR_DEFINITIONS = (
					"DEBUG=1",
					"$(inherited)",
				);
				GCC_WARN_64_TO_32_BIT_CONVERSION = YES;
				GCC_WARN_ABOUT_RETURN_TYPE = YES_ERROR;
				GCC_WARN_UNDECLARED_SELECTOR = YES;
				GCC_WARN_UNINITIALIZED_AUTOS = YES_AGGRESSIVE;
				GCC_WARN_UNUSED_FUNCTION = YES;
				GCC_WARN_UNUSED_VARIABLE = YES;
				IPHONEOS_DEPLOYMENT_TARGET = 9.2;
				MTL_ENABLE_DEBUG_INFO = YES;
				ONLY_ACTIVE_ARCH = YES;
				SDKROOT = iphoneos;
				SWIFT_OPTIMIZATION_LEVEL = "-Onone";
				SWIFT_VERSION = 3.0;
			};
			name = Debug;
		};
		CE0BE32D1C6160BE00B04F21 /* Release */ = {
			isa = XCBuildConfiguration;
			buildSettings = {
				ALWAYS_SEARCH_USER_PATHS = NO;
				CLANG_CXX_LANGUAGE_STANDARD = "gnu++0x";
				CLANG_CXX_LIBRARY = "libc++";
				CLANG_ENABLE_MODULES = YES;
				CLANG_ENABLE_OBJC_ARC = YES;
				CLANG_WARN_BOOL_CONVERSION = YES;
				CLANG_WARN_CONSTANT_CONVERSION = YES;
				CLANG_WARN_DIRECT_OBJC_ISA_USAGE = YES_ERROR;
				CLANG_WARN_EMPTY_BODY = YES;
				CLANG_WARN_ENUM_CONVERSION = YES;
				CLANG_WARN_INT_CONVERSION = YES;
				CLANG_WARN_OBJC_ROOT_CLASS = YES_ERROR;
				CLANG_WARN_UNREACHABLE_CODE = YES;
				CLANG_WARN__DUPLICATE_METHOD_MATCH = YES;
				"CODE_SIGN_IDENTITY[sdk=iphoneos*]" = "iPhone Developer";
				COPY_PHASE_STRIP = NO;
				DEBUG_INFORMATION_FORMAT = "dwarf-with-dsym";
				ENABLE_NS_ASSERTIONS = NO;
				ENABLE_STRICT_OBJC_MSGSEND = YES;
				GCC_C_LANGUAGE_STANDARD = gnu99;
				GCC_NO_COMMON_BLOCKS = YES;
				GCC_WARN_64_TO_32_BIT_CONVERSION = YES;
				GCC_WARN_ABOUT_RETURN_TYPE = YES_ERROR;
				GCC_WARN_UNDECLARED_SELECTOR = YES;
				GCC_WARN_UNINITIALIZED_AUTOS = YES_AGGRESSIVE;
				GCC_WARN_UNUSED_FUNCTION = YES;
				GCC_WARN_UNUSED_VARIABLE = YES;
				IPHONEOS_DEPLOYMENT_TARGET = 9.2;
				MTL_ENABLE_DEBUG_INFO = NO;
				SDKROOT = iphoneos;
				SWIFT_VERSION = 3.0;
				VALIDATE_PRODUCT = YES;
			};
			name = Release;
		};
		CE0BE32F1C6160BE00B04F21 /* Debug */ = {
			isa = XCBuildConfiguration;
			baseConfigurationReference = E62002AB742A33EB1DD9F046 /* Pods-JSONStoreSwift.debug.xcconfig */;
			buildSettings = {
				ASSETCATALOG_COMPILER_APPICON_NAME = AppIcon;
				CODE_SIGN_ENTITLEMENTS = JSONStoreSwift/JSONStoreSwift.entitlements;
				CODE_SIGN_STYLE = Manual;
				DEVELOPMENT_TEAM = "";
				ENABLE_BITCODE = NO;
				INFOPLIST_FILE = JSONStoreSwift/Info.plist;
				LD_RUNPATH_SEARCH_PATHS = "$(inherited) @executable_path/Frameworks";
				PRODUCT_BUNDLE_IDENTIFIER = com.sample.jsonstoreswift;
				PRODUCT_NAME = JSONStoreSwift;
				PROVISIONING_PROFILE_SPECIFIER = "";
				SWIFT_OBJC_BRIDGING_HEADER = "$(SRCROOT)/JSONStoreSwift/BridgingHeader.h";
				SWIFT_VERSION = 3.0;
				TARGETED_DEVICE_FAMILY = "1,2";
			};
			name = Debug;
		};
		CE0BE3301C6160BE00B04F21 /* Release */ = {
			isa = XCBuildConfiguration;
			baseConfigurationReference = 15C26250308683B514DFCE49 /* Pods-JSONStoreSwift.release.xcconfig */;
			buildSettings = {
				ASSETCATALOG_COMPILER_APPICON_NAME = AppIcon;
				CODE_SIGN_ENTITLEMENTS = JSONStoreSwift/JSONStoreSwift.entitlements;
				CODE_SIGN_STYLE = Manual;
				DEVELOPMENT_TEAM = "";
				ENABLE_BITCODE = NO;
				INFOPLIST_FILE = JSONStoreSwift/Info.plist;
				LD_RUNPATH_SEARCH_PATHS = "$(inherited) @executable_path/Frameworks";
				PRODUCT_BUNDLE_IDENTIFIER = com.sample.jsonstoreswift;
				PRODUCT_NAME = JSONStoreSwift;
				PROVISIONING_PROFILE_SPECIFIER = "";
				SWIFT_OBJC_BRIDGING_HEADER = "$(SRCROOT)/JSONStoreSwift/BridgingHeader.h";
				SWIFT_VERSION = 3.0;
				TARGETED_DEVICE_FAMILY = "1,2";
			};
			name = Release;
		};
		CE0BE3321C6160BE00B04F21 /* Debug */ = {
			isa = XCBuildConfiguration;
			baseConfigurationReference = 80F23B17A2FAA20DBDAB50B5 /* Pods-JSONStoreSwiftTests.debug.xcconfig */;
			buildSettings = {
				BUNDLE_LOADER = "$(TEST_HOST)";
				INFOPLIST_FILE = JSONStoreSwiftTests/Info.plist;
				LD_RUNPATH_SEARCH_PATHS = "$(inherited) @executable_path/Frameworks @loader_path/Frameworks";
				PRODUCT_BUNDLE_IDENTIFIER = com.ibm.mobilefirst.JSONStoreSwiftTests;
				PRODUCT_NAME = JSONStoreSwift;
				SWIFT_VERSION = 4.0;
				TEST_HOST = "$(BUILT_PRODUCTS_DIR)/JSONStoreSwift.app/JSONStoreSwift";
			};
			name = Debug;
		};
		CE0BE3331C6160BE00B04F21 /* Release */ = {
			isa = XCBuildConfiguration;
			baseConfigurationReference = 71F9E0465C1DB13791F3B0B2 /* Pods-JSONStoreSwiftTests.release.xcconfig */;
			buildSettings = {
				BUNDLE_LOADER = "$(TEST_HOST)";
				INFOPLIST_FILE = JSONStoreSwiftTests/Info.plist;
				LD_RUNPATH_SEARCH_PATHS = "$(inherited) @executable_path/Frameworks @loader_path/Frameworks";
				PRODUCT_BUNDLE_IDENTIFIER = com.ibm.mobilefirst.JSONStoreSwiftTests;
				PRODUCT_NAME = JSONStoreSwift;
				SWIFT_VERSION = 4.0;
				TEST_HOST = "$(BUILT_PRODUCTS_DIR)/JSONStoreSwift.app/JSONStoreSwift";
			};
			name = Release;
		};
		CE0BE3351C6160BE00B04F21 /* Debug */ = {
			isa = XCBuildConfiguration;
			baseConfigurationReference = 629DD2C14BE35953B2E4826E /* Pods-JSONStoreSwiftUITests.debug.xcconfig */;
			buildSettings = {
				INFOPLIST_FILE = JSONStoreSwiftUITests/Info.plist;
				LD_RUNPATH_SEARCH_PATHS = "$(inherited) @executable_path/Frameworks @loader_path/Frameworks";
				PRODUCT_BUNDLE_IDENTIFIER = com.ibm.mobilefirst.JSONStoreSwiftUITests;
				PRODUCT_NAME = JSONStoreSwift;
				SWIFT_VERSION = 4.0;
				TEST_TARGET_NAME = JSONStoreSwift;
				USES_XCTRUNNER = YES;
			};
			name = Debug;
		};
		CE0BE3361C6160BE00B04F21 /* Release */ = {
			isa = XCBuildConfiguration;
			baseConfigurationReference = E2AACF4169D0B04D4F1754A8 /* Pods-JSONStoreSwiftUITests.release.xcconfig */;
			buildSettings = {
				INFOPLIST_FILE = JSONStoreSwiftUITests/Info.plist;
				LD_RUNPATH_SEARCH_PATHS = "$(inherited) @executable_path/Frameworks @loader_path/Frameworks";
				PRODUCT_BUNDLE_IDENTIFIER = com.ibm.mobilefirst.JSONStoreSwiftUITests;
				PRODUCT_NAME = JSONStoreSwift;
				SWIFT_VERSION = 4.0;
				TEST_TARGET_NAME = JSONStoreSwift;
				USES_XCTRUNNER = YES;
			};
			name = Release;
		};
/* End XCBuildConfiguration section */

/* Begin XCConfigurationList section */
		CE0BE3011C6160BE00B04F21 /* Build configuration list for PBXProject "JSONStoreSwift" */ = {
			isa = XCConfigurationList;
			buildConfigurations = (
				CE0BE32C1C6160BE00B04F21 /* Debug */,
				CE0BE32D1C6160BE00B04F21 /* Release */,
			);
			defaultConfigurationIsVisible = 0;
			defaultConfigurationName = Release;
		};
		CE0BE32E1C6160BE00B04F21 /* Build configuration list for PBXNativeTarget "JSONStoreSwift" */ = {
			isa = XCConfigurationList;
			buildConfigurations = (
				CE0BE32F1C6160BE00B04F21 /* Debug */,
				CE0BE3301C6160BE00B04F21 /* Release */,
			);
			defaultConfigurationIsVisible = 0;
			defaultConfigurationName = Release;
		};
		CE0BE3311C6160BE00B04F21 /* Build configuration list for PBXNativeTarget "JSONStoreSwiftTests" */ = {
			isa = XCConfigurationList;
			buildConfigurations = (
				CE0BE3321C6160BE00B04F21 /* Debug */,
				CE0BE3331C6160BE00B04F21 /* Release */,
			);
			defaultConfigurationIsVisible = 0;
			defaultConfigurationName = Release;
		};
		CE0BE3341C6160BE00B04F21 /* Build configuration list for PBXNativeTarget "JSONStoreSwiftUITests" */ = {
			isa = XCConfigurationList;
			buildConfigurations = (
				CE0BE3351C6160BE00B04F21 /* Debug */,
				CE0BE3361C6160BE00B04F21 /* Release */,
			);
			defaultConfigurationIsVisible = 0;
			defaultConfigurationName = Release;
		};
/* End XCConfigurationList section */
	};
	rootObject = CE0BE2FE1C6160BE00B04F21 /* Project object */;
}
